
Microsoft Visual Studio Solution File, Format Version 12.00
# Visual Studio Version 17
VisualStudioVersion = 17.13.35931.197 d17.13
MinimumVisualStudioVersion = 10.0.40219.1
Project("{FAE04EC0-301F-11D3-BF4B-00C04F79EFBC}") = "MyFirstMvcApp", "MyFirstMvcApp\MyFirstMvcApp.csproj", "{01FFBB5B-04CF-4C40-8000-427915D2C572}"
EndProject
Global
	GlobalSection(SolutionConfigurationPlatforms) = preSolution
		Debug|Any CPU = Debug|Any CPU
		Release|Any CPU = Release|Any CPU
	EndGlobalSection
	GlobalSection(ProjectConfigurationPlatforms) = postSolution
		{01FFBB5B-04CF-4C40-8000-427915D2C572}.Debug|Any CPU.ActiveCfg = Debug|Any CPU
		{01FFBB5B-04CF-4C40-8000-427915D2C572}.Debug|Any CPU.Build.0 = Debug|Any CPU
		{01FFBB5B-04CF-4C40-8000-427915D2C572}.Release|Any CPU.ActiveCfg = Release|Any CPU
		{01FFBB5B-04CF-4C40-8000-427915D2C572}.Release|Any CPU.Build.0 = Release|Any CPU
	EndGlobalSection
	GlobalSection(SolutionProperties) = preSolution
		HideSolutionNode = FALSE
	EndGlobalSection
	GlobalSection(ExtensibilityGlobals) = postSolution
		SolutionGuid = {8D35ABCE-2CE8-41E3-95A2-187E6282F27A}
	EndGlobalSection
EndGlobal
